// !$*UTF8*$!
{
	archiveVersion = 1;
	classes = {
	};
	objectVersion = 56;
	objects = {

/* Begin PBXBuildFile section */
		3D76AB942A686DD400A655E6 /* KicksCornerApp.swift in Sources */ = {isa = PBXBuildFile; fileRef = 3D76AB932A686DD400A655E6 /* KicksCornerApp.swift */; };
		3D76AB962A686DD400A655E6 /* ContentView.swift in Sources */ = {isa = PBXBuildFile; fileRef = 3D76AB952A686DD400A655E6 /* ContentView.swift */; };
		3D76AB982A686DD600A655E6 /* Assets.xcassets in Resources */ = {isa = PBXBuildFile; fileRef = 3D76AB972A686DD600A655E6 /* Assets.xcassets */; };
		3D76AB9B2A686DD600A655E6 /* Preview Assets.xcassets in Resources */ = {isa = PBXBuildFile; fileRef = 3D76AB9A2A686DD600A655E6 /* Preview Assets.xcassets */; };
		3DB0407D2A686E64009DE6D5 /* CategoryModel.swift in Sources */ = {isa = PBXBuildFile; fileRef = 3DB040792A686E64009DE6D5 /* CategoryModel.swift */; };
		3DB0407E2A686E65009DE6D5 /* BrandModel.swift in Sources */ = {isa = PBXBuildFile; fileRef = 3DB0407A2A686E64009DE6D5 /* BrandModel.swift */; };
		3DB0407F2A686E65009DE6D5 /* PlayerModel.swift in Sources */ = {isa = PBXBuildFile; fileRef = 3DB0407B2A686E64009DE6D5 /* PlayerModel.swift */; };
		3DB040802A686E65009DE6D5 /* ProductModel.swift in Sources */ = {isa = PBXBuildFile; fileRef = 3DB0407C2A686E64009DE6D5 /* ProductModel.swift */; };
		3DB040822A686E83009DE6D5 /* CodableBundleExtension.swift in Sources */ = {isa = PBXBuildFile; fileRef = 3DB040812A686E83009DE6D5 /* CodableBundleExtension.swift */; };
		3DB040862A686E93009DE6D5 /* Constant.swift in Sources */ = {isa = PBXBuildFile; fileRef = 3DB040832A686E92009DE6D5 /* Constant.swift */; };
		3DB040872A686E93009DE6D5 /* CustomShape.swift in Sources */ = {isa = PBXBuildFile; fileRef = 3DB040842A686E93009DE6D5 /* CustomShape.swift */; };
		3DB040882A686E93009DE6D5 /* Shop.swift in Sources */ = {isa = PBXBuildFile; fileRef = 3DB040852A686E93009DE6D5 /* Shop.swift */; };
		3DB040902A686EB8009DE6D5 /* SectionView.swift in Sources */ = {isa = PBXBuildFile; fileRef = 3DB0408A2A686EB8009DE6D5 /* SectionView.swift */; };
		3DB040912A686EB8009DE6D5 /* ProductItemView.swift in Sources */ = {isa = PBXBuildFile; fileRef = 3DB0408B2A686EB8009DE6D5 /* ProductItemView.swift */; };
		3DB040922A686EB8009DE6D5 /* TitleView.swift in Sources */ = {isa = PBXBuildFile; fileRef = 3DB0408C2A686EB8009DE6D5 /* TitleView.swift */; };
		3DB040932A686EB8009DE6D5 /* FooterView.swift in Sources */ = {isa = PBXBuildFile; fileRef = 3DB0408D2A686EB8009DE6D5 /* FooterView.swift */; };
		3DB040942A686EB9009DE6D5 /* NavigationBarView.swift in Sources */ = {isa = PBXBuildFile; fileRef = 3DB0408E2A686EB8009DE6D5 /* NavigationBarView.swift */; };
		3DB040952A686EB9009DE6D5 /* LogoView.swift in Sources */ = {isa = PBXBuildFile; fileRef = 3DB0408F2A686EB8009DE6D5 /* LogoView.swift */; };
/* End PBXBuildFile section */

/* Begin PBXFileReference section */
		3D76AB902A686DD400A655E6 /* KicksCorner.app */ = {isa = PBXFileReference; explicitFileType = wrapper.application; includeInIndex = 0; path = KicksCorner.app; sourceTree = BUILT_PRODUCTS_DIR; };
		3D76AB932A686DD400A655E6 /* KicksCornerApp.swift */ = {isa = PBXFileReference; lastKnownFileType = sourcecode.swift; path = KicksCornerApp.swift; sourceTree = "<group>"; };
		3D76AB952A686DD400A655E6 /* ContentView.swift */ = {isa = PBXFileReference; lastKnownFileType = sourcecode.swift; path = ContentView.swift; sourceTree = "<group>"; };
		3D76AB972A686DD600A655E6 /* Assets.xcassets */ = {isa = PBXFileReference; lastKnownFileType = folder.assetcatalog; path = Assets.xcassets; sourceTree = "<group>"; };
		3D76AB9A2A686DD600A655E6 /* Preview Assets.xcassets */ = {isa = PBXFileReference; lastKnownFileType = folder.assetcatalog; path = "Preview Assets.xcassets"; sourceTree = "<group>"; };
		3DB040792A686E64009DE6D5 /* CategoryModel.swift */ = {isa = PBXFileReference; fileEncoding = 4; lastKnownFileType = sourcecode.swift; path = CategoryModel.swift; sourceTree = "<group>"; };
		3DB0407A2A686E64009DE6D5 /* BrandModel.swift */ = {isa = PBXFileReference; fileEncoding = 4; lastKnownFileType = sourcecode.swift; path = BrandModel.swift; sourceTree = "<group>"; };
		3DB0407B2A686E64009DE6D5 /* PlayerModel.swift */ = {isa = PBXFileReference; fileEncoding = 4; lastKnownFileType = sourcecode.swift; path = PlayerModel.swift; sourceTree = "<group>"; };
		3DB0407C2A686E64009DE6D5 /* ProductModel.swift */ = {isa = PBXFileReference; fileEncoding = 4; lastKnownFileType = sourcecode.swift; path = ProductModel.swift; sourceTree = "<group>"; };
		3DB040812A686E83009DE6D5 /* CodableBundleExtension.swift */ = {isa = PBXFileReference; fileEncoding = 4; lastKnownFileType = sourcecode.swift; path = CodableBundleExtension.swift; sourceTree = "<group>"; };
		3DB040832A686E92009DE6D5 /* Constant.swift */ = {isa = PBXFileReference; fileEncoding = 4; lastKnownFileType = sourcecode.swift; path = Constant.swift; sourceTree = "<group>"; };
		3DB040842A686E93009DE6D5 /* CustomShape.swift */ = {isa = PBXFileReference; fileEncoding = 4; lastKnownFileType = sourcecode.swift; path = CustomShape.swift; sourceTree = "<group>"; };
		3DB040852A686E93009DE6D5 /* Shop.swift */ = {isa = PBXFileReference; fileEncoding = 4; lastKnownFileType = sourcecode.swift; path = Shop.swift; sourceTree = "<group>"; };
		3DB0408A2A686EB8009DE6D5 /* SectionView.swift */ = {isa = PBXFileReference; fileEncoding = 4; lastKnownFileType = sourcecode.swift; path = SectionView.swift; sourceTree = "<group>"; };
		3DB0408B2A686EB8009DE6D5 /* ProductItemView.swift */ = {isa = PBXFileReference; fileEncoding = 4; lastKnownFileType = sourcecode.swift; path = ProductItemView.swift; sourceTree = "<group>"; };
		3DB0408C2A686EB8009DE6D5 /* TitleView.swift */ = {isa = PBXFileReference; fileEncoding = 4; lastKnownFileType = sourcecode.swift; path = TitleView.swift; sourceTree = "<group>"; };
		3DB0408D2A686EB8009DE6D5 /* FooterView.swift */ = {isa = PBXFileReference; fileEncoding = 4; lastKnownFileType = sourcecode.swift; path = FooterView.swift; sourceTree = "<group>"; };
		3DB0408E2A686EB8009DE6D5 /* NavigationBarView.swift */ = {isa = PBXFileReference; fileEncoding = 4; lastKnownFileType = sourcecode.swift; path = NavigationBarView.swift; sourceTree = "<group>"; };
		3DB0408F2A686EB8009DE6D5 /* LogoView.swift */ = {isa = PBXFileReference; fileEncoding = 4; lastKnownFileType = sourcecode.swift; path = LogoView.swift; sourceTree = "<group>"; };
/* End PBXFileReference section */

/* Begin PBXFrameworksBuildPhase section */
		3D76AB8D2A686DD400A655E6 /* Frameworks */ = {
			isa = PBXFrameworksBuildPhase;
			buildActionMask = 2147483647;
			files = (
			);
			runOnlyForDeploymentPostprocessing = 0;
		};
/* End PBXFrameworksBuildPhase section */

/* Begin PBXGroup section */
		3D76AB872A686DD300A655E6 = {
			isa = PBXGroup;
			children = (
				3D76AB922A686DD400A655E6 /* KicksCorner */,
				3D76AB912A686DD400A655E6 /* Products */,
			);
			sourceTree = "<group>";
		};
		3D76AB912A686DD400A655E6 /* Products */ = {
			isa = PBXGroup;
			children = (
				3D76AB902A686DD400A655E6 /* KicksCorner.app */,
			);
			name = Products;
			sourceTree = "<group>";
		};
		3D76AB922A686DD400A655E6 /* KicksCorner */ = {
			isa = PBXGroup;
			children = (
				3DB040782A686E36009DE6D5 /* Extension */,
				3DB040772A686E2B009DE6D5 /* Utility */,
				3DB040762A686E24009DE6D5 /* Model */,
				3DB040752A686E1D009DE6D5 /* View */,
				3D76AB932A686DD400A655E6 /* KicksCornerApp.swift */,
				3D76AB952A686DD400A655E6 /* ContentView.swift */,
				3D76AB972A686DD600A655E6 /* Assets.xcassets */,
				3D76AB992A686DD600A655E6 /* Preview Content */,
			);
			path = KicksCorner;
			sourceTree = "<group>";
		};
		3D76AB992A686DD600A655E6 /* Preview Content */ = {
			isa = PBXGroup;
			children = (
				3D76AB9A2A686DD600A655E6 /* Preview Assets.xcassets */,
			);
			path = "Preview Content";
			sourceTree = "<group>";
		};
		3DB040752A686E1D009DE6D5 /* View */ = {
			isa = PBXGroup;
			children = (
				3DB040892A686EA7009DE6D5 /* Home */,
			);
			path = View;
			sourceTree = "<group>";
		};
		3DB040762A686E24009DE6D5 /* Model */ = {
			isa = PBXGroup;
			children = (
				3DB0407A2A686E64009DE6D5 /* BrandModel.swift */,
				3DB040792A686E64009DE6D5 /* CategoryModel.swift */,
				3DB0407B2A686E64009DE6D5 /* PlayerModel.swift */,
				3DB0407C2A686E64009DE6D5 /* ProductModel.swift */,
			);
			path = Model;
			sourceTree = "<group>";
		};
		3DB040772A686E2B009DE6D5 /* Utility */ = {
			isa = PBXGroup;
			children = (
				3DB040832A686E92009DE6D5 /* Constant.swift */,
				3DB040842A686E93009DE6D5 /* CustomShape.swift */,
				3DB040852A686E93009DE6D5 /* Shop.swift */,
			);
			path = Utility;
			sourceTree = "<group>";
		};
		3DB040782A686E36009DE6D5 /* Extension */ = {
			isa = PBXGroup;
			children = (
				3DB040812A686E83009DE6D5 /* CodableBundleExtension.swift */,
			);
			path = Extension;
			sourceTree = "<group>";
		};
		3DB040892A686EA7009DE6D5 /* Home */ = {
			isa = PBXGroup;
			children = (
				3DB0408D2A686EB8009DE6D5 /* FooterView.swift */,
				3DB0408F2A686EB8009DE6D5 /* LogoView.swift */,
				3DB0408E2A686EB8009DE6D5 /* NavigationBarView.swift */,
				3DB0408B2A686EB8009DE6D5 /* ProductItemView.swift */,
				3DB0408A2A686EB8009DE6D5 /* SectionView.swift */,
				3DB0408C2A686EB8009DE6D5 /* TitleView.swift */,
			);
			path = Home;
			sourceTree = "<group>";
		};
/* End PBXGroup section */

/* Begin PBXNativeTarget section */
		3D76AB8F2A686DD400A655E6 /* KicksCorner */ = {
			isa = PBXNativeTarget;
			buildConfigurationList = 3D76AB9E2A686DD600A655E6 /* Build configuration list for PBXNativeTarget "KicksCorner" */;
			buildPhases = (
				3D76AB8C2A686DD400A655E6 /* Sources */,
				3D76AB8D2A686DD400A655E6 /* Frameworks */,
				3D76AB8E2A686DD400A655E6 /* Resources */,
			);
			buildRules = (
			);
			dependencies = (
			);
			name = KicksCorner;
			productName = KicksCorner;
			productReference = 3D76AB902A686DD400A655E6 /* KicksCorner.app */;
			productType = "com.apple.product-type.application";
		};
/* End PBXNativeTarget section */

/* Begin PBXProject section */
		3D76AB882A686DD300A655E6 /* Project object */ = {
			isa = PBXProject;
			attributes = {
				BuildIndependentTargetsInParallel = 1;
				LastSwiftUpdateCheck = 1430;
				LastUpgradeCheck = 1430;
				TargetAttributes = {
					3D76AB8F2A686DD400A655E6 = {
						CreatedOnToolsVersion = 14.3.1;
					};
				};
			};
			buildConfigurationList = 3D76AB8B2A686DD300A655E6 /* Build configuration list for PBXProject "KicksCorner" */;
			compatibilityVersion = "Xcode 14.0";
			developmentRegion = en;
			hasScannedForEncodings = 0;
			knownRegions = (
				en,
				Base,
			);
			mainGroup = 3D76AB872A686DD300A655E6;
			productRefGroup = 3D76AB912A686DD400A655E6 /* Products */;
			projectDirPath = "";
			projectRoot = "";
			targets = (
				3D76AB8F2A686DD400A655E6 /* KicksCorner */,
			);
		};
/* End PBXProject section */

/* Begin PBXResourcesBuildPhase section */
		3D76AB8E2A686DD400A655E6 /* Resources */ = {
			isa = PBXResourcesBuildPhase;
			buildActionMask = 2147483647;
			files = (
				3D76AB9B2A686DD600A655E6 /* Preview Assets.xcassets in Resources */,
				3D76AB982A686DD600A655E6 /* Assets.xcassets in Resources */,
			);
			runOnlyForDeploymentPostprocessing = 0;
		};
/* End PBXResourcesBuildPhase section */

/* Begin PBXSourcesBuildPhase section */
		3D76AB8C2A686DD400A655E6 /* Sources */ = {
			isa = PBXSourcesBuildPhase;
			buildActionMask = 2147483647;
			files = (
				3DB0407F2A686E65009DE6D5 /* PlayerModel.swift in Sources */,
				3DB040932A686EB8009DE6D5 /* FooterView.swift in Sources */,
				3DB040802A686E65009DE6D5 /* ProductModel.swift in Sources */,
				3DB040902A686EB8009DE6D5 /* SectionView.swift in Sources */,
				3DB040912A686EB8009DE6D5 /* ProductItemView.swift in Sources */,
				3DB040952A686EB9009DE6D5 /* LogoView.swift in Sources */,
				3DB040872A686E93009DE6D5 /* CustomShape.swift in Sources */,
				3DB040882A686E93009DE6D5 /* Shop.swift in Sources */,
				3D76AB962A686DD400A655E6 /* ContentView.swift in Sources */,
				3DB040862A686E93009DE6D5 /* Constant.swift in Sources */,
				3DB0407D2A686E64009DE6D5 /* CategoryModel.swift in Sources */,
				3D76AB942A686DD400A655E6 /* KicksCornerApp.swift in Sources */,
				3DB040822A686E83009DE6D5 /* CodableBundleExtension.swift in Sources */,
				3DB040922A686EB8009DE6D5 /* TitleView.swift in Sources */,
				3DB0407E2A686E65009DE6D5 /* BrandModel.swift in Sources */,
				3DB040942A686EB9009DE6D5 /* NavigationBarView.swift in Sources */,
			);
			runOnlyForDeploymentPostprocessing = 0;
		};
/* End PBXSourcesBuildPhase section */

/* Begin XCBuildConfiguration section */
		3D76AB9C2A686DD600A655E6 /* Debug */ = {
			isa = XCBuildConfiguration;
			buildSettings = {
				ALWAYS_SEARCH_USER_PATHS = NO;
				CLANG_ANALYZER_NONNULL = YES;
				CLANG_ANALYZER_NUMBER_OBJECT_CONVERSION = YES_AGGRESSIVE;
				CLANG_CXX_LANGUAGE_STANDARD = "gnu++20";
				CLANG_ENABLE_MODULES = YES;
				CLANG_ENABLE_OBJC_ARC = YES;
				CLANG_ENABLE_OBJC_WEAK = YES;
				CLANG_WARN_BLOCK_CAPTURE_AUTORELEASING = YES;
				CLANG_WARN_BOOL_CONVERSION = YES;
				CLANG_WARN_COMMA = YES;
				CLANG_WARN_CONSTANT_CONVERSION = YES;
				CLANG_WARN_DEPRECATED_OBJC_IMPLEMENTATIONS = YES;
				CLANG_WARN_DIRECT_OBJC_ISA_USAGE = YES_ERROR;
				CLANG_WARN_DOCUMENTATION_COMMENTS = YES;
				CLANG_WARN_EMPTY_BODY = YES;
				CLANG_WARN_ENUM_CONVERSION = YES;
				CLANG_WARN_INFINITE_RECURSION = YES;
				CLANG_WARN_INT_CONVERSION = YES;
				CLANG_WARN_NON_LITERAL_NULL_CONVERSION = YES;
				CLANG_WARN_OBJC_IMPLICIT_RETAIN_SELF = YES;
				CLANG_WARN_OBJC_LITERAL_CONVERSION = YES;
				CLANG_WARN_OBJC_ROOT_CLASS = YES_ERROR;
				CLANG_WARN_QUOTED_INCLUDE_IN_FRAMEWORK_HEADER = YES;
				CLANG_WARN_RANGE_LOOP_ANALYSIS = YES;
				CLANG_WARN_STRICT_PROTOTYPES = YES;
				CLANG_WARN_SUSPICIOUS_MOVE = YES;
				CLANG_WARN_UNGUARDED_AVAILABILITY = YES_AGGRESSIVE;
				CLANG_WARN_UNREACHABLE_CODE = YES;
				CLANG_WARN__DUPLICATE_METHOD_MATCH = YES;
				COPY_PHASE_STRIP = NO;
				DEBUG_INFORMATION_FORMAT = dwarf;
				ENABLE_STRICT_OBJC_MSGSEND = YES;
				ENABLE_TESTABILITY = YES;
				GCC_C_LANGUAGE_STANDARD = gnu11;
				GCC_DYNAMIC_NO_PIC = NO;
				GCC_NO_COMMON_BLOCKS = YES;
				GCC_OPTIMIZATION_LEVEL = 0;
				GCC_PREPROCESSOR_DEFINITIONS = (
					"DEBUG=1",
					"$(inherited)",
				);
				GCC_WARN_64_TO_32_BIT_CONVERSION = YES;
				GCC_WARN_ABOUT_RETURN_TYPE = YES_ERROR;
				GCC_WARN_UNDECLARED_SELECTOR = YES;
				GCC_WARN_UNINITIALIZED_AUTOS = YES_AGGRESSIVE;
				GCC_WARN_UNUSED_FUNCTION = YES;
				GCC_WARN_UNUSED_VARIABLE = YES;
				IPHONEOS_DEPLOYMENT_TARGET = 16.4;
				MTL_ENABLE_DEBUG_INFO = INCLUDE_SOURCE;
				MTL_FAST_MATH = YES;
				ONLY_ACTIVE_ARCH = YES;
				SDKROOT = iphoneos;
				SWIFT_ACTIVE_COMPILATION_CONDITIONS = DEBUG;
				SWIFT_OPTIMIZATION_LEVEL = "-Onone";
			};
			name = Debug;
		};
		3D76AB9D2A686DD600A655E6 /* Release */ = {
			isa = XCBuildConfiguration;
			buildSettings = {
				ALWAYS_SEARCH_USER_PATHS = NO;
				CLANG_ANALYZER_NONNULL = YES;
				CLANG_ANALYZER_NUMBER_OBJECT_CONVERSION = YES_AGGRESSIVE;
				CLANG_CXX_LANGUAGE_STANDARD = "gnu++20";
				CLANG_ENABLE_MODULES = YES;
				CLANG_ENABLE_OBJC_ARC = YES;
				CLANG_ENABLE_OBJC_WEAK = YES;
				CLANG_WARN_BLOCK_CAPTURE_AUTORELEASING = YES;
				CLANG_WARN_BOOL_CONVERSION = YES;
				CLANG_WARN_COMMA = YES;
				CLANG_WARN_CONSTANT_CONVERSION = YES;
				CLANG_WARN_DEPRECATED_OBJC_IMPLEMENTATIONS = YES;
				CLANG_WARN_DIRECT_OBJC_ISA_USAGE = YES_ERROR;
				CLANG_WARN_DOCUMENTATION_COMMENTS = YES;
				CLANG_WARN_EMPTY_BODY = YES;
				CLANG_WARN_ENUM_CONVERSION = YES;
				CLANG_WARN_INFINITE_RECURSION = YES;
				CLANG_WARN_INT_CONVERSION = YES;
				CLANG_WARN_NON_LITERAL_NULL_CONVERSION = YES;
				CLANG_WARN_OBJC_IMPLICIT_RETAIN_SELF = YES;
				CLANG_WARN_OBJC_LITERAL_CONVERSION = YES;
				CLANG_WARN_OBJC_ROOT_CLASS = YES_ERROR;
				CLANG_WARN_QUOTED_INCLUDE_IN_FRAMEWORK_HEADER = YES;
				CLANG_WARN_RANGE_LOOP_ANALYSIS = YES;
				CLANG_WARN_STRICT_PROTOTYPES = YES;
				CLANG_WARN_SUSPICIOUS_MOVE = YES;
				CLANG_WARN_UNGUARDED_AVAILABILITY = YES_AGGRESSIVE;
				CLANG_WARN_UNREACHABLE_CODE = YES;
				CLANG_WARN__DUPLICATE_METHOD_MATCH = YES;
				COPY_PHASE_STRIP = NO;
				DEBUG_INFORMATION_FORMAT = "dwarf-with-dsym";
				ENABLE_NS_ASSERTIONS = NO;
				ENABLE_STRICT_OBJC_MSGSEND = YES;
				GCC_C_LANGUAGE_STANDARD = gnu11;
				GCC_NO_COMMON_BLOCKS = YES;
				GCC_WARN_64_TO_32_BIT_CONVERSION = YES;
				GCC_WARN_ABOUT_RETURN_TYPE = YES_ERROR;
				GCC_WARN_UNDECLARED_SELECTOR = YES;
				GCC_WARN_UNINITIALIZED_AUTOS = YES_AGGRESSIVE;
				GCC_WARN_UNUSED_FUNCTION = YES;
				GCC_WARN_UNUSED_VARIABLE = YES;
				IPHONEOS_DEPLOYMENT_TARGET = 16.4;
				MTL_ENABLE_DEBUG_INFO = NO;
				MTL_FAST_MATH = YES;
				SDKROOT = iphoneos;
				SWIFT_COMPILATION_MODE = wholemodule;
				SWIFT_OPTIMIZATION_LEVEL = "-O";
				VALIDATE_PRODUCT = YES;
			};
			name = Release;
		};
		3D76AB9F2A686DD600A655E6 /* Debug */ = {
			isa = XCBuildConfiguration;
			buildSettings = {
				ASSETCATALOG_COMPILER_APPICON_NAME = AppIcon;
				ASSETCATALOG_COMPILER_GLOBAL_ACCENT_COLOR_NAME = AccentColor;
				CODE_SIGN_STYLE = Automatic;
				CURRENT_PROJECT_VERSION = 1;
				DEVELOPMENT_ASSET_PATHS = "\"KicksCorner/Preview Content\"";
				DEVELOPMENT_TEAM = PX63F4TNY3;
				ENABLE_PREVIEWS = YES;
				GENERATE_INFOPLIST_FILE = YES;
				INFOPLIST_KEY_UIApplicationSceneManifest_Generation = YES;
				INFOPLIST_KEY_UIApplicationSupportsIndirectInputEvents = YES;
				INFOPLIST_KEY_UILaunchScreen_Generation = YES;
				INFOPLIST_KEY_UISupportedInterfaceOrientations_iPad = "UIInterfaceOrientationPortrait UIInterfaceOrientationPortraitUpsideDown UIInterfaceOrientationLandscapeLeft UIInterfaceOrientationLandscapeRight";
				INFOPLIST_KEY_UISupportedInterfaceOrientations_iPhone = "UIInterfaceOrientationPortrait UIInterfaceOrientationLandscapeLeft UIInterfaceOrientationLandscapeRight";
				LD_RUNPATH_SEARCH_PATHS = (
					"$(inherited)",
					"@executable_path/Frameworks",
				);
				MARKETING_VERSION = 1.0;
				PRODUCT_BUNDLE_IDENTIFIER = com.dreamsoftware.KicksCorner;
				PRODUCT_NAME = "$(TARGET_NAME)";
				SWIFT_EMIT_LOC_STRINGS = YES;
				SWIFT_VERSION = 5.0;
				TARGETED_DEVICE_FAMILY = "1,2";
			};
			name = Debug;
		};
		3D76ABA02A686DD600A655E6 /* Release */ = {
			isa = XCBuildConfiguration;
			buildSettings = {
				ASSETCATALOG_COMPILER_APPICON_NAME = AppIcon;
				ASSETCATALOG_COMPILER_GLOBAL_ACCENT_COLOR_NAME = AccentColor;
				CODE_SIGN_STYLE = Automatic;
				CURRENT_PROJECT_VERSION = 1;
				DEVELOPMENT_ASSET_PATHS = "\"KicksCorner/Preview Content\"";
				DEVELOPMENT_TEAM = PX63F4TNY3;
				ENABLE_PREVIEWS = YES;
				GENERATE_INFOPLIST_FILE = YES;
				INFOPLIST_KEY_UIApplicationSceneManifest_Generation = YES;
				INFOPLIST_KEY_UIApplicationSupportsIndirectInputEvents = YES;
				INFOPLIST_KEY_UILaunchScreen_Generation = YES;
				INFOPLIST_KEY_UISupportedInterfaceOrientations_iPad = "UIInterfaceOrientationPortrait UIInterfaceOrientationPortraitUpsideDown UIInterfaceOrientationLandscapeLeft UIInterfaceOrientationLandscapeRight";
				INFOPLIST_KEY_UISupportedInterfaceOrientations_iPhone = "UIInterfaceOrientationPortrait UIInterfaceOrientationLandscapeLeft UIInterfaceOrientationLandscapeRight";
				LD_RUNPATH_SEARCH_PATHS = (
					"$(inherited)",
					"@executable_path/Frameworks",
				);
				MARKETING_VERSION = 1.0;
				PRODUCT_BUNDLE_IDENTIFIER = com.dreamsoftware.KicksCorner;
				PRODUCT_NAME = "$(TARGET_NAME)";
				SWIFT_EMIT_LOC_STRINGS = YES;
				SWIFT_VERSION = 5.0;
				TARGETED_DEVICE_FAMILY = "1,2";
			};
			name = Release;
		};
/* End XCBuildConfiguration section */

/* Begin XCConfigurationList section */
		3D76AB8B2A686DD300A655E6 /* Build configuration list for PBXProject "KicksCorner" */ = {
			isa = XCConfigurationList;
			buildConfigurations = (
				3D76AB9C2A686DD600A655E6 /* Debug */,
				3D76AB9D2A686DD600A655E6 /* Release */,
			);
			defaultConfigurationIsVisible = 0;
			defaultConfigurationName = Release;
		};
		3D76AB9E2A686DD600A655E6 /* Build configuration list for PBXNativeTarget "KicksCorner" */ = {
			isa = XCConfigurationList;
			buildConfigurations = (
				3D76AB9F2A686DD600A655E6 /* Debug */,
				3D76ABA02A686DD600A655E6 /* Release */,
			);
			defaultConfigurationIsVisible = 0;
			defaultConfigurationName = Release;
		};
/* End XCConfigurationList section */
	};
	rootObject = 3D76AB882A686DD300A655E6 /* Project object */;
}
